
Microsoft Visual Studio Solution File, Format Version 12.00
# Visual Studio 2012
Project("{FAE04EC0-301F-11D3-BF4B-00C04F79EFBC}") = "DevSandbox", "DevSandbox\DevSandbox.csproj", "{75DF8B6A-A705-4B7F-AB3E-E9D4A33F5A7E}"
EndProject
Global
	GlobalSection(SolutionConfigurationPlatforms) = preSolution
		Debug|iPhoneSimulator = Debug|iPhoneSimulator
		Release|iPhone = Release|iPhone
		Release|iPhoneSimulator = Release|iPhoneSimulator
		Debug|iPhone = Debug|iPhone
	EndGlobalSection
	GlobalSection(ProjectConfigurationPlatforms) = postSolution
		{75DF8B6A-A705-4B7F-AB3E-E9D4A33F5A7E}.Debug|iPhoneSimulator.ActiveCfg = Debug|iPhoneSimulator
		{75DF8B6A-A705-4B7F-AB3E-E9D4A33F5A7E}.Debug|iPhoneSimulator.Build.0 = Debug|iPhoneSimulator
		{75DF8B6A-A705-4B7F-AB3E-E9D4A33F5A7E}.Release|iPhone.ActiveCfg = Release|iPhone
		{75DF8B6A-A705-4B7F-AB3E-E9D4A33F5A7E}.Release|iPhone.Build.0 = Release|iPhone
		{75DF8B6A-A705-4B7F-AB3E-E9D4A33F5A7E}.Release|iPhoneSimulator.ActiveCfg = Release|iPhoneSimulator
		{75DF8B6A-A705-4B7F-AB3E-E9D4A33F5A7E}.Release|iPhoneSimulator.Build.0 = Release|iPhoneSimulator
		{75DF8B6A-A705-4B7F-AB3E-E9D4A33F5A7E}.Debug|iPhone.ActiveCfg = Debug|iPhone
		{75DF8B6A-A705-4B7F-AB3E-E9D4A33F5A7E}.Debug|iPhone.Build.0 = Debug|iPhone
	EndGlobalSection
EndGlobal
